version = 1
project = "service-tls"
ir_kind = "ec"
ec_path = "libs/service-tls/external-contracts"
inventory_path = "libs/service-tls/aw.toml"
generated_at = "2026-07-07T14:12:34.078705+00:00"
ir_digest = "sha256:a75fd9e220433e003601c187633b650d4c3d073e0ed5743b8ffd2360dc0412dc"
source_digest = "sha256:657a9e5dd21fb1adbe5ded1e172448811c6cd29f4c0367139001f5ecbbf9e01e"
tool_contracts = []

[[sources]]
path = "libs/service-tls/external-contracts/behavior/shared-peer-mtls-material-loading-contract.md"
digest = "sha256:a1a7500c2436aceac58608f5d3b9fd85648d6568032dc96db1f6bb9d1c3ba28c"

[[cases]]
id = "shared-peer-mtls-material-loading-contract"
capability_id = "shared-peer-mtls-material-loading"
claim_id = "shared-peer-mtls-material-loading-contract"
contract_id = "shared-peer-mtls-material-loading-contract"
dimension = "behavior"
source_ref = "libs/service-tls/external-contracts/behavior/shared-peer-mtls-material-loading-contract.md#shared-peer-mtls-material-loading-contract"
test_path = "libs/service-tls/tests/behavior_shared_peer_mtls_material_loading_contract.rs"
command = "cargo test -p service-tls"
required_for_production = true
assertions = [
    "Shared Peer mTLS Material Loading public Rust API behavior remains covered by the configured library test suite.",
    "The library contract stays usable through its documented README capability surface.",
]
evidence_digest = "sha256:e3b0c44298fc1c149afbf4c8996fb92427ae41e4649b934ca495991b7852b855"
evaluator_digest = "sha256:e3b0c44298fc1c149afbf4c8996fb92427ae41e4649b934ca495991b7852b855"
digest = "sha256:77547ef0a800be9f1dd6dba380bb970709216175f513007ed5a005f177b6d709"
