version = 2
project = "claim-token"
ir_kind = "td"
td_path = "libs/claim-token/tech-design"
generated_at = "2026-07-15T07:38:18.771973+00:00"
digest = "sha256:9532a2073965455fa74e2ca3ea33ecaf21e6e67112ceca9c0b8509c7c8d78ada"
source_digest = "sha256:9532a2073965455fa74e2ca3ea33ecaf21e6e67112ceca9c0b8509c7c8d78ada"
ir_digest = "sha256:3cbc4b2ef2b2604adf026e57f68679d75885fb71ef6a3c8d9d52e160436180fb"

[[files]]
path = "semantic/claim-token-libs-claim-token.md"
digest = "sha256:71acc79bc86bc7770a3465d2950ac34593f4efff62a12d928f210a8ae2c7394d"
parse_error = "schema:15-56: section 'schema' at lines 15..56: JSON Schema typed-payload parse error: did not find expected key at line 7 column 1, while parsing a block mapping"

[[files]]
path = "semantic/source/libs-claim-token-src-lib-rs.md"
digest = "sha256:c678a685a3de8ac0eca86566fd86cf97f05cbd9e5f3ff6f032c2a5f58646b9ec"
ir_digest = "sha256:471b9be5c13d697018787393f93376690325fdc9b0a6248b94bde1a9ae9d9a3d"
section_count = 3
