version = 2
project = "surface"
ir_kind = "td"
td_path = "libs/surface/tech-design"
generated_at = "2026-07-07T15:58:25.715245+00:00"
digest = "sha256:83900fafc40a78f9192665e890a0cb112190d115c1df68643562e6ae44c1e442"
source_digest = "sha256:83900fafc40a78f9192665e890a0cb112190d115c1df68643562e6ae44c1e442"
ir_digest = "sha256:31ee38a9a24c15a2009621486587729cca55d26d021f33509319503d1573d2c3"

[[files]]
path = "semantic/source/libs-surface-cargo-toml.md"
digest = "sha256:d63f1dfc7649a7fe7bbed8cc11f52d04ea44d2709774ba67c72daf9bd5c0c265"
ir_digest = "sha256:cfbdef0614f681b6ba5b06428046331c1050bcbd3a01e72117a00188f434d79c"
section_count = 3

[[files]]
path = "semantic/source/libs-surface-src-lib-rs.md"
digest = "sha256:f1ea280bddad189a6a9d7ef8df5b95fa19cae1b85dea9aea5fdb2d6cbda9dbfa"
ir_digest = "sha256:a7dd6104d204eafac4e8169ac685c5c82e4ccb96e7d545ae67351647f49c5365"
section_count = 3

[[files]]
path = "semantic/source/libs-surface-tests-snapshot-rs.md"
digest = "sha256:523907cab01d01ff5f9915e7037698fbca7bd60427be73dfcd94659b79e4a631"
ir_digest = "sha256:9f3228cb7986c94702b2e004f62a416ad5696911d9db9e3d07dc5d3bd1a41b4f"
section_count = 3

[[files]]
path = "semantic/surface-libs-surface.md"
digest = "sha256:6c323fe416a3fd4abcd46ea2577259fb7e1f7f5082ed2e29c78b1993c335ab45"
parse_error = "schema:15-66: section 'schema' at lines 15..66: JSON Schema typed-payload parse error: did not find expected key at line 7 column 1, while parsing a block mapping"
