version = 1
project = "transport-h2c"
ir_kind = "ec"
ec_path = "libs/transport-h2c/external-contracts"
inventory_path = "libs/transport-h2c/aw.toml"
generated_at = "2026-07-15T07:39:22.089771+00:00"
ir_digest = "sha256:1f6b0f27cc215fb65a871ffea226191da639c88fb87ba9e0cf5e4317f7fc1582"
source_digest = "sha256:b497f4bd75dde2ca803004d5cfbd28adab23b52557a929b2a5e2046308ddad15"
tool_contracts = []

[[sources]]
path = "libs/transport-h2c/external-contracts/behavior/http2-cleartext-client-helpers-contract.md"
digest = "sha256:b51e333ca92f824dc653f6d2e51f75b799cd1a28d629d3d4277495f73b5f9e06"

[[cases]]
id = "http2-cleartext-client-helpers-contract"
capability_id = "http2-cleartext-client-helpers"
claim_id = "http2-cleartext-client-helpers-contract"
contract_id = "http2-cleartext-client-helpers-contract"
dimension = "behavior"
source_ref = "libs/transport-h2c/external-contracts/behavior/http2-cleartext-client-helpers-contract.md#http2-cleartext-client-helpers-contract"
test_path = "libs/transport-h2c/tests/behavior_http2_cleartext_client_helpers_contract.rs"
command = "cargo test -p transport-h2c"
required_for_production = true
assertions = [
    "HTTP/2 Cleartext Client Helpers public Rust API behavior remains covered by the configured library test suite.",
    "The library contract stays usable through its documented README capability surface.",
]
evidence_digest = "sha256:e3b0c44298fc1c149afbf4c8996fb92427ae41e4649b934ca495991b7852b855"
evaluator_digest = "sha256:e3b0c44298fc1c149afbf4c8996fb92427ae41e4649b934ca495991b7852b855"
digest = "sha256:e3b9bf9b1772a7f813ee33b5fbb88f90d62442a1dae477b698bddf1390ba9ebe"
