version = 2
project = "metrics-prometheus"
ir_kind = "td"
td_path = "libs/metrics-prometheus/tech-design"
generated_at = "2026-07-15T09:49:32.819723+00:00"
digest = "sha256:7dccfb6e35af965c9ecaea2892a7f0f1042bfe94241f88d689d66d763c4c67bc"
source_digest = "sha256:7dccfb6e35af965c9ecaea2892a7f0f1042bfe94241f88d689d66d763c4c67bc"
ir_digest = "sha256:c8f286a03465250ec4b8ffff12eea04d377c2c25b2030b3d4240ea3a48e19ede"

[[files]]
path = "semantic/metrics-prometheus-libs-metrics-prometheus.md"
digest = "sha256:958b053914f80ecf28f169ebcd1fab82f6c683db13db4d818e7f9c2a2cd0704c"
parse_error = "schema:15-56: section 'schema' at lines 15..56: JSON Schema typed-payload parse error: did not find expected key at line 7 column 1, while parsing a block mapping"

[[files]]
path = "semantic/source/libs-metrics-prometheus-src-lib-rs.md"
digest = "sha256:8bacbbfafbf2ea3b49bb9d2b0476553b7f5a20c08ee7784fb809fb8a4d02a120"
ir_digest = "sha256:2a50122cb494ab94ba7f0be5a630273bd16e075b8b8e5fff811ce584f0af6909"
section_count = 3
