version = 2
project = "service-k8s"
ir_kind = "td"
td_path = "libs/service-k8s/tech-design"
generated_at = "2026-07-15T16:23:55.866050+00:00"
digest = "sha256:07a28f9532add99b591025a0878f51a99ad444d15056dcd116662abd5e1a9de5"
source_digest = "sha256:07a28f9532add99b591025a0878f51a99ad444d15056dcd116662abd5e1a9de5"
ir_digest = "sha256:9bafae90057fec9ecc06a4c13053caa449b00360f0ec8667ae071d29a59c6c50"

[[files]]
path = "logic/extract-shared-stateful-service-workload-projection-primitives.md"
digest = "sha256:9940408dbebad2d320da9255aebfb113631a62c76ed419fdda16e241bc3e8731"
ir_digest = "sha256:69b04571b5fc4e5327e729969afda451441b7c657f83a3acacbdff183e0c2ed2"
section_count = 3

[[files]]
path = "semantic/service-k8s-libs-service-k8s.md"
digest = "sha256:f8e1910a81c01c7a14aa2b4d4c3e61366c04dad40d30c877fae7b0c5cb424372"
parse_error = "schema:15-116: section 'schema' at lines 15..116: JSON Schema typed-payload parse error: did not find expected key at line 7 column 1, while parsing a block mapping"

[[files]]
path = "semantic/source/libs-service-k8s-src-controller-rs.md"
digest = "sha256:21662d33467a284180840b8c40cdf6116374df0d01f162da9573bade0ac6dadb"
ir_digest = "sha256:42d740388dacfb0f09e9fe388d3e43d301021d45fe99d9e445e88c76cb23a899"
section_count = 3

[[files]]
path = "semantic/source/libs-service-k8s-src-lease-rs.md"
digest = "sha256:f276a304c89f1b1ae337a0b79a73fbf63550e9c9982276bea481ee1f04d294fa"
ir_digest = "sha256:736b9a93aa33793f1bba33eef9f7063cfe4de0d4486be81d7a6d9e6a1f4adacd"
section_count = 3

[[files]]
path = "semantic/source/libs-service-k8s-src-lib-rs.md"
digest = "sha256:9f260f221ce5b2024d97508867f817fc5ab3d03fcf9b44af820c8c17a7ad2a80"
ir_digest = "sha256:45c40fc8b3b98580ece05d4406d284ed1f1c7731645dd79ef3e454dbe0a8692b"
section_count = 3

[[files]]
path = "semantic/source/libs-service-k8s-src-llm-rs.md"
digest = "sha256:2211c27f7bbff55b68183ab0623611ee0f8db17b4fa0b3104360745b5abcda03"
ir_digest = "sha256:4194cfb2fa2b876d2a134136af6da6e76a68e0bfdacdd4efd06cfcf61fb1ccc2"
section_count = 3

[[files]]
path = "semantic/source/libs-service-k8s-src-render-rs.md"
digest = "sha256:ca77e9a9c1ca5888cfed31755ae0cdafaa6906774dddc51aa0be6491bc82bd9c"
ir_digest = "sha256:d3c4c6be6b59c42a6634803c8894ada21250db20be58e20d6b3ac0b85c1cafd8"
section_count = 3

[[files]]
path = "semantic/source/libs-service-k8s-src-resize-rs.md"
digest = "sha256:830059d304d925d86e8e2743267a324b7924e94b3ddf900e0731edbf96e55113"
ir_digest = "sha256:730305f8a1f4d747e4ab628bfc48770127c63327b0a6fd144e9220c889153d7a"
section_count = 3

[[files]]
path = "semantic/source/libs-service-k8s-src-service-rs.md"
digest = "sha256:6a3385918e42ac47fe214710f5e279d140b3734c886782d101b884e2ff878034"
ir_digest = "sha256:4bbaa9cfd57b3d174afcc36ae92aaa3a8d4fbf6b7d9e368063a7add29a8e5bfa"
section_count = 3
