version = 2
project = "cli-std"
ir_kind = "td"
td_path = "libs/cli-std/tech-design"
generated_at = "2026-07-10T09:39:35.401152+00:00"
digest = "sha256:a5b7f7e4e64779b734b053ab8881252424e3f0e1ec851d5dc21277dc59a2df04"
source_digest = "sha256:a5b7f7e4e64779b734b053ab8881252424e3f0e1ec851d5dc21277dc59a2df04"
ir_digest = "sha256:cceda34326432d73c644f7280208e1e19d207c44a4c3ecdfc4aff210ad3c4654"

[[files]]
path = "interfaces/cli/courier-proxy-mode-client-for-the-issue-triad.md"
digest = "sha256:ca5a35368cb5e60a43d0c1888405626b1993269e160876cf0432ba8b9db52f10"
ir_digest = "sha256:948fc8d11f5d919cda47de7261c68f8139b8919602e67e48cc86cb8c7562e52a"
section_count = 3

[[files]]
path = "semantic/cli-std-libs-cli-std.md"
digest = "sha256:57b8e2438b7844807e5df6b17def78b3fe9d7091c0a4342258cdfe8d32d5476e"
parse_error = "schema:15-116: section 'schema' at lines 15..116: JSON Schema typed-payload parse error: did not find expected key at line 7 column 1, while parsing a block mapping"

[[files]]
path = "semantic/source/libs-cli-std-src-chainable-rs.md"
digest = "sha256:4f8e50822a7aa5a45ae9d24c07a5ae99a3d0fa112426e5da6f9cd6dc69f52eaf"
ir_digest = "sha256:59e618af638ca0e42659c2fe9527b3dedeee07ebda73913c1c26d040f1a79557"
section_count = 3

[[files]]
path = "semantic/source/libs-cli-std-src-connect-rs.md"
digest = "sha256:8ef779c569a85cb0bc837221d05fd2210325a0a534cd2bf8420ff30f1c138ef2"
ir_digest = "sha256:7211cffa02e1776d289aef8f99fab5111bf2eb529f198e2226b3648d46332691"
section_count = 3

[[files]]
path = "semantic/source/libs-cli-std-src-issue-rs.md"
digest = "sha256:0ff6050f77db37fb95c9e109cb1a0cb90c9d44861d2e61783a1f3d01aa52e527"
ir_digest = "sha256:309e4551778ce41fe9426ae6a401b3e61c2a74919cc12cedc05020e3e31e154d"
section_count = 3

[[files]]
path = "semantic/source/libs-cli-std-src-lib-rs.md"
digest = "sha256:0a98c312910aa5466286b03120e5e35917ab7b72c4624a999cca6d0c539c7f3a"
ir_digest = "sha256:3c92ef275b608e552b7abc730aa4ef5866dfb2fb189b084940b0569c96cbed10"
section_count = 3

[[files]]
path = "semantic/source/libs-cli-std-src-llm-rs.md"
digest = "sha256:377793beaa554623ad825321e0edf9c38dd56b23a997526f594a685c9dff1e93"
ir_digest = "sha256:02ecec3e5bb5889e62fc56965b5b861edca2e1e6e8c1dff61414e6f0d933ec8a"
section_count = 3

[[files]]
path = "semantic/source/libs-cli-std-src-report-issue-rs.md"
digest = "sha256:c4831c7bfcd08d5bd9b5257c56eb4b8c45aea5db06e8c124cea56b452a59f956"
ir_digest = "sha256:ee69bab2cb1297e0b7a9fa498f74b65078e0f39185793f6130cf9074a6bf26bb"
section_count = 3

[[files]]
path = "semantic/source/libs-cli-std-src-upgrade-rs.md"
digest = "sha256:111c6841dcb1146cd9ed94484a61679cce4351dadcf760c209c5d3a4b572212b"
ir_digest = "sha256:d514701138eb77df7d9f4634e4ba1b384cdd9fa112f4808a0b5e60a70d84875e"
section_count = 3
