version = 1
project = "compass"
ir_kind = "ec"
ec_path = "libs/compass/external-contracts"
inventory_path = "libs/compass/aw.toml"
generated_at = "2026-07-07T14:37:49.151258+00:00"
ir_digest = "sha256:3c4e816d370713fccacae4e7fc8afbf7345a0d95a3155b805801dc8a6bc9105c"
source_digest = "sha256:81dc4b049d179cf338e7bc271530b58e1bc05f8641d5587241c4930c054d2451"
tool_contracts = []

[[sources]]
path = "libs/compass/external-contracts/behavior/agent-diagnostic-output-contract.md"
digest = "sha256:58b2265ad87260ee1c28373ee4a13e4c0363edf6f461e7880b4cdbb8054f20ae"

[[sources]]
path = "libs/compass/external-contracts/behavior/argus-daemon-protocol-and-request-handling-contract.md"
digest = "sha256:e6ff73d1e5f5c466929191b9599be6797a9318c9740f2e2f1048bf7de8e05187"

[[sources]]
path = "libs/compass/external-contracts/behavior/multi-language-parser-and-checker-dispatch-contract.md"
digest = "sha256:a7cbce3110140c0aab4986a7a5d8cb4df3ce9c6ed4631a3e03c94d221244ed68"

[[sources]]
path = "libs/compass/external-contracts/behavior/python-and-rust-generator-registry-contract.md"
digest = "sha256:0c51771309ea86ad75978158b25c5b6618e206aa2d9fba681f7486dad08fe351"

[[sources]]
path = "libs/compass/external-contracts/behavior/semantic-search-and-graph-query-contract.md"
digest = "sha256:df9908d57292de5a90492f6d0c4450d0cc654e5583059c128e11f7d7e94cd246"

[[sources]]
path = "libs/compass/external-contracts/behavior/spec-parser-and-state-machine-validation-contract.md"
digest = "sha256:238d5721816f2574ae272b51f8f5456102664691cd4ff858ffb258674382a3fc"

[[sources]]
path = "libs/compass/external-contracts/behavior/structured-refactoring-contract.md"
digest = "sha256:e0b30400fcdb9ac5599715196ef2505499b15fed07d53b53ab9cad5e1df1a80e"

[[sources]]
path = "libs/compass/external-contracts/behavior/symbol-outline-and-propagated-type-query-contract.md"
digest = "sha256:3fa0d82cd576f53844df0a099096adced05a5ae6619dced3e17026f13ef76e42"

[[sources]]
path = "libs/compass/external-contracts/behavior/watch-bridge-and-incremental-dirty-file-contract.md"
digest = "sha256:7843edd8b30b88cc8112f95a2d436b06e321cd9882b8e1e1d13d53430de762ca"

[[cases]]
id = "agent-diagnostic-output-contract"
capability_id = "codebase-check-and-lint-pipeline"
claim_id = "agent-diagnostic-output-contract"
contract_id = "agent-diagnostic-output-contract"
dimension = "behavior"
source_ref = "libs/compass/external-contracts/behavior/agent-diagnostic-output-contract.md#agent-diagnostic-output-contract"
test_path = "libs/compass/tests/behavior_agent_diagnostic_output_contract.rs"
command = "cargo test -p cclab-compass"
required_for_production = true
assertions = [
    "Agent diagnostic output contract remains covered by the configured Compass library test suite.",
    "The library contract stays usable through its documented README capability surface.",
]
evidence_digest = "sha256:e3b0c44298fc1c149afbf4c8996fb92427ae41e4649b934ca495991b7852b855"
evaluator_digest = "sha256:e3b0c44298fc1c149afbf4c8996fb92427ae41e4649b934ca495991b7852b855"
digest = "sha256:8e83b951be872ae78b36a14daf19646e0f55786e98af91cfb2968201bc6ca374"

[[cases]]
id = "argus-daemon-protocol-and-request-handling-contract"
capability_id = "daemon-watch-and-incremental-analysis"
claim_id = "argus-daemon-protocol-and-request-handling-contract"
contract_id = "argus-daemon-protocol-and-request-handling-contract"
dimension = "behavior"
source_ref = "libs/compass/external-contracts/behavior/argus-daemon-protocol-and-request-handling-contract.md#argus-daemon-protocol-and-request-handling-contract"
test_path = "libs/compass/tests/behavior_argus_daemon_protocol_and_request_handling_contract.rs"
command = "cargo test -p cclab-compass"
required_for_production = true
assertions = [
    "Argus daemon protocol and request handling contract remains covered by the configured Compass library test suite.",
    "The library contract stays usable through its documented README capability surface.",
]
evidence_digest = "sha256:e3b0c44298fc1c149afbf4c8996fb92427ae41e4649b934ca495991b7852b855"
evaluator_digest = "sha256:e3b0c44298fc1c149afbf4c8996fb92427ae41e4649b934ca495991b7852b855"
digest = "sha256:ceda725e16957561ba41d3bea0ffd7921d719a537bbd5de13283edbdc0573778"

[[cases]]
id = "multi-language-parser-and-checker-dispatch-contract"
capability_id = "codebase-check-and-lint-pipeline"
claim_id = "multi-language-parser-and-checker-dispatch-contract"
contract_id = "multi-language-parser-and-checker-dispatch-contract"
dimension = "behavior"
source_ref = "libs/compass/external-contracts/behavior/multi-language-parser-and-checker-dispatch-contract.md#multi-language-parser-and-checker-dispatch-contract"
test_path = "libs/compass/tests/behavior_multi_language_parser_and_checker_dispatch_contract.rs"
command = "cargo test -p cclab-compass"
required_for_production = true
assertions = [
    "Multi-language parser and checker dispatch contract remains covered by the configured Compass library test suite.",
    "The library contract stays usable through its documented README capability surface.",
]
evidence_digest = "sha256:e3b0c44298fc1c149afbf4c8996fb92427ae41e4649b934ca495991b7852b855"
evaluator_digest = "sha256:e3b0c44298fc1c149afbf4c8996fb92427ae41e4649b934ca495991b7852b855"
digest = "sha256:e691ce18584d7dc95a3cda9c4d716e26048e13a5e3b15678aba941d24425d462"

[[cases]]
id = "python-and-rust-generator-registry-contract"
capability_id = "spec-parsing-and-code-generation"
claim_id = "python-and-rust-generator-registry-contract"
contract_id = "python-and-rust-generator-registry-contract"
dimension = "behavior"
source_ref = "libs/compass/external-contracts/behavior/python-and-rust-generator-registry-contract.md#python-and-rust-generator-registry-contract"
test_path = "libs/compass/tests/behavior_python_and_rust_generator_registry_contract.rs"
command = "cargo test -p cclab-compass"
required_for_production = true
assertions = [
    "Python and Rust generator registry contract remains covered by the configured Compass library test suite.",
    "The library contract stays usable through its documented README capability surface.",
]
evidence_digest = "sha256:e3b0c44298fc1c149afbf4c8996fb92427ae41e4649b934ca495991b7852b855"
evaluator_digest = "sha256:e3b0c44298fc1c149afbf4c8996fb92427ae41e4649b934ca495991b7852b855"
digest = "sha256:b97d21ceb2dfa9cd64d4c37b26f3b2c5866014a6edbeab5972dfbefc0e5d5258"

[[cases]]
id = "semantic-search-and-graph-query-contract"
capability_id = "semantic-navigation-search-and-refactoring"
claim_id = "semantic-search-and-graph-query-contract"
contract_id = "semantic-search-and-graph-query-contract"
dimension = "behavior"
source_ref = "libs/compass/external-contracts/behavior/semantic-search-and-graph-query-contract.md#semantic-search-and-graph-query-contract"
test_path = "libs/compass/tests/behavior_semantic_search_and_graph_query_contract.rs"
command = "cargo test -p cclab-compass"
required_for_production = true
assertions = [
    "Semantic search and graph query contract remains covered by the configured Compass library test suite.",
    "The library contract stays usable through its documented README capability surface.",
]
evidence_digest = "sha256:e3b0c44298fc1c149afbf4c8996fb92427ae41e4649b934ca495991b7852b855"
evaluator_digest = "sha256:e3b0c44298fc1c149afbf4c8996fb92427ae41e4649b934ca495991b7852b855"
digest = "sha256:ef0a97c0f1a8e47f65a7d19df6cb7c3a33703987d99268a9144cf37c194fe757"

[[cases]]
id = "spec-parser-and-state-machine-validation-contract"
capability_id = "spec-parsing-and-code-generation"
claim_id = "spec-parser-and-state-machine-validation-contract"
contract_id = "spec-parser-and-state-machine-validation-contract"
dimension = "behavior"
source_ref = "libs/compass/external-contracts/behavior/spec-parser-and-state-machine-validation-contract.md#spec-parser-and-state-machine-validation-contract"
test_path = "libs/compass/tests/behavior_spec_parser_and_state_machine_validation_contract.rs"
command = "cargo test -p cclab-compass"
required_for_production = true
assertions = [
    "Spec parser and state-machine validation contract remains covered by the configured Compass library test suite.",
    "The library contract stays usable through its documented README capability surface.",
]
evidence_digest = "sha256:e3b0c44298fc1c149afbf4c8996fb92427ae41e4649b934ca495991b7852b855"
evaluator_digest = "sha256:e3b0c44298fc1c149afbf4c8996fb92427ae41e4649b934ca495991b7852b855"
digest = "sha256:446c24afc5c23ba465b55b19edcbbe17f3efbe8bcb8fde774118d086bebfe02d"

[[cases]]
id = "structured-refactoring-contract"
capability_id = "semantic-navigation-search-and-refactoring"
claim_id = "structured-refactoring-contract"
contract_id = "structured-refactoring-contract"
dimension = "behavior"
source_ref = "libs/compass/external-contracts/behavior/structured-refactoring-contract.md#structured-refactoring-contract"
test_path = "libs/compass/tests/behavior_structured_refactoring_contract.rs"
command = "cargo test -p cclab-compass"
required_for_production = true
assertions = [
    "Structured refactoring contract remains covered by the configured Compass library test suite.",
    "The library contract stays usable through its documented README capability surface.",
]
evidence_digest = "sha256:e3b0c44298fc1c149afbf4c8996fb92427ae41e4649b934ca495991b7852b855"
evaluator_digest = "sha256:e3b0c44298fc1c149afbf4c8996fb92427ae41e4649b934ca495991b7852b855"
digest = "sha256:42ccb3231141361c81e0ba1f99aba09bfcdf01841028dafabe34aec461585068"

[[cases]]
id = "symbol-outline-and-propagated-type-query-contract"
capability_id = "semantic-navigation-search-and-refactoring"
claim_id = "symbol-outline-and-propagated-type-query-contract"
contract_id = "symbol-outline-and-propagated-type-query-contract"
dimension = "behavior"
source_ref = "libs/compass/external-contracts/behavior/symbol-outline-and-propagated-type-query-contract.md#symbol-outline-and-propagated-type-query-contract"
test_path = "libs/compass/tests/behavior_symbol_outline_and_propagated_type_query_contract.rs"
command = "cargo test -p cclab-compass"
required_for_production = true
assertions = [
    "Symbol outline and propagated type query contract remains covered by the configured Compass library test suite.",
    "The library contract stays usable through its documented README capability surface.",
]
evidence_digest = "sha256:e3b0c44298fc1c149afbf4c8996fb92427ae41e4649b934ca495991b7852b855"
evaluator_digest = "sha256:e3b0c44298fc1c149afbf4c8996fb92427ae41e4649b934ca495991b7852b855"
digest = "sha256:6cf36ce4940dbfe7de4ca2e63c5e125f17beb9ea429b8860012b7fb1f9878af5"

[[cases]]
id = "watch-bridge-and-incremental-dirty-file-contract"
capability_id = "daemon-watch-and-incremental-analysis"
claim_id = "watch-bridge-and-incremental-dirty-file-contract"
contract_id = "watch-bridge-and-incremental-dirty-file-contract"
dimension = "behavior"
source_ref = "libs/compass/external-contracts/behavior/watch-bridge-and-incremental-dirty-file-contract.md#watch-bridge-and-incremental-dirty-file-contract"
test_path = "libs/compass/tests/behavior_watch_bridge_and_incremental_dirty_file_contract.rs"
command = "cargo test -p cclab-compass"
required_for_production = true
assertions = [
    "Watch bridge and incremental dirty-file contract remains covered by the configured Compass library test suite.",
    "The library contract stays usable through its documented README capability surface.",
]
evidence_digest = "sha256:e3b0c44298fc1c149afbf4c8996fb92427ae41e4649b934ca495991b7852b855"
evaluator_digest = "sha256:e3b0c44298fc1c149afbf4c8996fb92427ae41e4649b934ca495991b7852b855"
digest = "sha256:aa59c7c3451e896c88cdd1d394485c9a4982720313b11eb00c4d687f7063a405"
