version = 1
project = "surface"
ir_kind = "ec"
ec_path = "libs/surface/external-contracts"
inventory_path = "libs/surface/aw.toml"
generated_at = "2026-07-07T14:12:34.147139+00:00"
ir_digest = "sha256:1ad81cde090e8e022cecb9899bded811c9d9da24583d4cfce6d363e3ef95cf74"
source_digest = "sha256:8201aaf908dc5adcdffd5b0e06232a8601f35fbc21b2647b18cb591078e2afaf"
tool_contracts = []

[[sources]]
path = "libs/surface/external-contracts/behavior/renderer-neutral-ui-surface-model-contract.md"
digest = "sha256:e76297210ad83fe08ac501eb9ebfe1d8f61574f2288c794b119c72d8fe460e85"

[[cases]]
id = "renderer-neutral-ui-surface-model-contract"
capability_id = "renderer-neutral-ui-surface-model"
claim_id = "renderer-neutral-ui-surface-model-contract"
contract_id = "renderer-neutral-ui-surface-model-contract"
dimension = "behavior"
source_ref = "libs/surface/external-contracts/behavior/renderer-neutral-ui-surface-model-contract.md#renderer-neutral-ui-surface-model-contract"
test_path = "libs/surface/tests/behavior_renderer_neutral_ui_surface_model_contract.rs"
command = "cargo test -p cclab-surface"
required_for_production = true
assertions = [
    "Renderer-Neutral UI Surface Model public Rust API behavior remains covered by the configured library test suite.",
    "The library contract stays usable through its documented README capability surface.",
]
evidence_digest = "sha256:e3b0c44298fc1c149afbf4c8996fb92427ae41e4649b934ca495991b7852b855"
evaluator_digest = "sha256:e3b0c44298fc1c149afbf4c8996fb92427ae41e4649b934ca495991b7852b855"
digest = "sha256:0b0f9b5d0dabe3d7becaf9f764512049cdc98b0a49fc3c571f8d1c26b1194c51"
