version = 2
project = "ui-runtime"
ir_kind = "td"
td_path = "libs/ui-runtime/tech-design"
generated_at = "2026-07-07T15:58:25.763914+00:00"
digest = "sha256:de40ab59554fbe9b2163344f8d40fd19b380827f202c6a126897fa1d38e53c91"
source_digest = "sha256:de40ab59554fbe9b2163344f8d40fd19b380827f202c6a126897fa1d38e53c91"
ir_digest = "sha256:6637aa5da7cffad5ba963f89f334afddf3ce5d6f4bec0086ee7e38e4d46bf0bd"

[[files]]
path = "semantic/source/libs-ui-runtime-cargo-toml.md"
digest = "sha256:9b122271c99465731fb482f7057e548ac87bbf31629e2c88e3f9f170076a7dc5"
ir_digest = "sha256:ffa5db885515f0841c6773ff3c3a8663e041f2d835262b2533ddabad6ffdfaad"
section_count = 3

[[files]]
path = "semantic/source/libs-ui-runtime-src-lib-rs.md"
digest = "sha256:6b52deb7c43b53745eafee40a00a2b991251cca89fb671a3d49506b4c3f1daab"
ir_digest = "sha256:ed334c6180c54a413b3f7a17a1d7bd4b186050c4713e177df4012f4e0ccc4bf5"
section_count = 3

[[files]]
path = "semantic/ui-runtime-libs-ui-runtime.md"
digest = "sha256:67b6fcde38f5049a99f0c6c19db3d537ae8e11aff37cbad263f3eca37156148b"
parse_error = "schema:15-56: section 'schema' at lines 15..56: JSON Schema typed-payload parse error: did not find expected key at line 7 column 1, while parsing a block mapping"
