version = 2
project = "peer-tls"
ir_kind = "td"
td_path = "libs/peer-tls/tech-design"
generated_at = "2026-07-15T07:38:11.179706+00:00"
digest = "sha256:a0c27044487441441bad5d437748cb02a2a0158f3391e5698e929cc67f33694b"
source_digest = "sha256:a0c27044487441441bad5d437748cb02a2a0158f3391e5698e929cc67f33694b"
ir_digest = "sha256:dec3393b683b7cdc50518fc677c06f715e775de667c1358944938bf9c8f76d0b"

[[files]]
path = "semantic/peer-tls-libs-peer-tls.md"
digest = "sha256:59366909f909cbcdc6073055e03a61b79ef2c1495fa4a212547e0e60311b136c"
parse_error = "schema:15-56: section 'schema' at lines 15..56: JSON Schema typed-payload parse error: did not find expected key at line 7 column 1, while parsing a block mapping"

[[files]]
path = "semantic/source/libs-peer-tls-src-lib-rs.md"
digest = "sha256:7fb62dd610663a967a79aede5923686bdf740273d51d3e5d939cc2b8561aa8c8"
ir_digest = "sha256:d7c0b4c02ec419ebbf618e5272036b9def89b1f8428440a901d8b73c1f1103f8"
section_count = 3
