version = 2
project = "raft-runtime"
ir_kind = "td"
td_path = "libs/raft-runtime/tech-design"
generated_at = "2026-07-15T17:24:36.085653+00:00"
digest = "sha256:6ec83aef6ad31bc63ad824a217ad20a43d817ec7938e7c8723f36dd431299b23"
source_digest = "sha256:6ec83aef6ad31bc63ad824a217ad20a43d817ec7938e7c8723f36dd431299b23"
ir_digest = "sha256:6292edacbad18e313b8fe3a51fcddc692992917e715910f70cb22b264f6c46d9"

[[files]]
path = "logic/add-shared-peer-mtls-transport-for-stateful-services.md"
digest = "sha256:1b36318e11a44a16be63345a501ae1f0556c7cf4d139901e07ba3438caa5c8be"
ir_digest = "sha256:4d2d0e5ecfc1b850c6804e455a85eeb2d55fc1ee4bd8f36848ee19003f139f38"
section_count = 3

[[files]]
path = "semantic/raft-runtime-libs-raft-runtime.md"
digest = "sha256:9125ea9855132b68fa2ffa1161c6a4dd785c084a5cf9df4595ee7817aa92b45f"
parse_error = "schema:15-146: section 'schema' at lines 15..146: JSON Schema typed-payload parse error: did not find expected key at line 7 column 1, while parsing a block mapping"

[[files]]
path = "semantic/source/libs-raft-runtime-src-cluster-rs.md"
digest = "sha256:fc884bff68e7957cb5c764878f5c575014b866be55089586100882529887c683"
ir_digest = "sha256:8645e143c8272319f5f70631b9e10713844c7d94bf36f71abb4e00334cf53d38"
section_count = 3

[[files]]
path = "semantic/source/libs-raft-runtime-src-config-rs.md"
digest = "sha256:c11ada2dbf80a8b61c6187f960166f8d1d49559bbccdabe2b9b6004fcee07b93"
ir_digest = "sha256:c8399d7aebd55146411f537a0416da50437c9566cea63869a809c74ffae7d933"
section_count = 3

[[files]]
path = "semantic/source/libs-raft-runtime-src-host-rs.md"
digest = "sha256:47ff395db23825e5b7387641464f878e54d36ae767fb0e54762d4b1373b8dac0"
ir_digest = "sha256:e128b2348b7f96a687647761177635d32a22f8ba399053ec64114221996c07b2"
section_count = 3

[[files]]
path = "semantic/source/libs-raft-runtime-src-lib-rs.md"
digest = "sha256:fb55c2fddf037ef9320f02f6b6ea88d36ec24a9548129ae6a93079df4499a08d"
ir_digest = "sha256:39196ee809789c205fdc59ce771fe9644b98ad001970ab41d32ab2515988878c"
section_count = 3

[[files]]
path = "semantic/source/libs-raft-runtime-src-llm-rs.md"
digest = "sha256:1e5cff5d43e6b57444f4f0bed532cc4a0b855f20780a059b98e65ff8a95f0474"
ir_digest = "sha256:140200692d900788cec62d4f63f23fcdb6c889cc2bf0a19fc2274dbdf89fbbb7"
section_count = 3

[[files]]
path = "semantic/source/libs-raft-runtime-src-outcome-window-rs.md"
digest = "sha256:f4be176b8d9908917f89bc97eb0b395dff8e70e3e7f9740b118eb76a314e97fd"
ir_digest = "sha256:9a22d379de1e2f0fcc5935c0266a9bd3a464e5c6ec41ba3edb4f1522fd79df1d"
section_count = 3

[[files]]
path = "semantic/source/libs-raft-runtime-src-read-consistency-rs.md"
digest = "sha256:3066bd2353e5e49240aa937080201d71bfb6b13a7be295825383ea8d1130a7bb"
ir_digest = "sha256:8c518ba5c9b3d16267136ad929bd3131be4ddaa8a80f29213236931dceb6b878"
section_count = 3

[[files]]
path = "semantic/source/libs-raft-runtime-src-state-machine-rs.md"
digest = "sha256:21d95b6454ae9cf39ae3d7fdb8c63f383635ed766ddc6636e7ea702154113f05"
ir_digest = "sha256:969f54ad33897870936a2f982a40c865f47c25c287b5623ed3ffa8b77724dab9"
section_count = 3

[[files]]
path = "semantic/source/libs-raft-runtime-src-store-rs.md"
digest = "sha256:a98b6a6590bae0a4f31280acb24f011bb6b87bab7bf1778547d8ac538469dd58"
ir_digest = "sha256:f9b522f2b8d6f8032a9c39bbd9a3f5872258e591402e9fd8cb45e602ed8dd478"
section_count = 3

[[files]]
path = "semantic/source/libs-raft-runtime-src-view-rs.md"
digest = "sha256:77705e0238bc56c4e5b44ab87cb35323ae46b8e0034ec835b50fc59cba82cdca"
ir_digest = "sha256:8c2148d31e285f7629d5f349e5d180d90ae9e977d70eddb53de47eb11f0a5ebc"
section_count = 3
