version = 2
project = "service-auth"
ir_kind = "td"
td_path = "libs/service-auth/tech-design"
generated_at = "2026-07-15T16:43:04.344410+00:00"
digest = "sha256:21bcd597e2fee10d48449b234adeab4dec633abfa1fe55bfb285ebb25380ec84"
source_digest = "sha256:21bcd597e2fee10d48449b234adeab4dec633abfa1fe55bfb285ebb25380ec84"
ir_digest = "sha256:538e8be73c6a3280de6800f2171d5486c0a5b669414cf81ee3d322f69105ac9d"

[[files]]
path = "logic/add-shared-credential-reload-and-redacted-authorization-audit.md"
digest = "sha256:00ce0c545ff93399433d057f0012ad4083accdfead4f207b9fe912b116a89f05"
ir_digest = "sha256:33c87c6409fb5828410193030536d8cb7648db137a050f4c23925d0e8247e500"
section_count = 3

[[files]]
path = "semantic/service-auth-libs-service-auth.md"
digest = "sha256:6545974621e9218104ccb22bc5003ea36e4518e37a0de7e61b588b09e7297443"
parse_error = "schema:15-106: section 'schema' at lines 15..106: JSON Schema typed-payload parse error: did not find expected key at line 7 column 1, while parsing a block mapping"

[[files]]
path = "semantic/source/libs-service-auth-src-error-rs.md"
digest = "sha256:28021c2518e829b30c59ac3dd0f58cba5ae4794fd804c61a0ff0a8f45d4f1733"
ir_digest = "sha256:eac5ad2df83b715468899f7011c53728fbb3654682dd4fbdb6cd1165a343c7d9"
section_count = 3

[[files]]
path = "semantic/source/libs-service-auth-src-lib-rs.md"
digest = "sha256:ef93bea5a6f3c83461ffd2bdf37785d7e531c7caf991f77c2312d564b3d4d5bf"
ir_digest = "sha256:13803cb4d1400b0a11c99ab9b3dabb0cf32c95c3158a170c31e5a17e4f9cb951"
section_count = 3

[[files]]
path = "semantic/source/libs-service-auth-src-llm-rs.md"
digest = "sha256:ec231b8468fe0d275ef5aa61554bdb631f604a478ef021164698e7c04f115259"
ir_digest = "sha256:084ae192f13a1e897cce98f65d5dff3e7ef8a232f2f0a45e5dc09d4dc3355a8c"
section_count = 3

[[files]]
path = "semantic/source/libs-service-auth-src-middleware-rs.md"
digest = "sha256:982bccee9d3995713fad816366bd4c244b32033fe6ebd1600c87f97ba2b67442"
ir_digest = "sha256:e41bdf7f3736d8196d14cc71b40293a4ba5512bd9ac3da3b5259ea1ba0a27c96"
section_count = 3

[[files]]
path = "semantic/source/libs-service-auth-src-role-map-rs.md"
digest = "sha256:00d8205548e5c69577f6adcd208ce612e379cfa9081a110db70dacaf7324a86c"
ir_digest = "sha256:f2f81066e85bc92aad1e0a9cf0a1c1c625f136a30736a2ccab08157d0b359139"
section_count = 3

[[files]]
path = "semantic/source/libs-service-auth-src-verifier-rs.md"
digest = "sha256:a0587d2889b31f697c8ae4599c50999a5340525ab27c6f028ae2ed69e281e748"
ir_digest = "sha256:2930fd8cfb2e3f899d2230651609be450ac8f13b324f3f5740146141c6122f01"
section_count = 3
