version = 2
project = "service-backup"
ir_kind = "td"
td_path = "libs/service-backup/tech-design"
generated_at = "2026-07-15T10:05:59.446060+00:00"
digest = "sha256:7672456958a722e88877c3bcaaaf1ac45023c900445dac29d02553a5cb4d150d"
source_digest = "sha256:7672456958a722e88877c3bcaaaf1ac45023c900445dac29d02553a5cb4d150d"
ir_digest = "sha256:422d0922cba8f7f5febe917994c9d69a5c57232fd47eb28adfde1be8c3e52512"

[[files]]
path = "logic/provide-a-crd-safe-shared-scheduled-backup-policy.md"
digest = "sha256:8d4ef427a83f6958290ffd6ff76d3a66894070849a57380a38c8c353fed52efa"
ir_digest = "sha256:4b72d1c723b65e2287beb6bfcf461638045eb9e34787fd868b2f7c40a5cc02c2"
section_count = 3

[[files]]
path = "semantic/service-backup-libs-service-backup.md"
digest = "sha256:b2d874bf6a46192cc84de8dc95288b08eab4069303e41d2354e923d4c6e4176e"
parse_error = "schema:15-126: section 'schema' at lines 15..126: JSON Schema typed-payload parse error: did not find expected key at line 7 column 1, while parsing a block mapping"

[[files]]
path = "semantic/source/libs-service-backup-src-destination-rs.md"
digest = "sha256:22eee340b5e2578ef25aff3c74f76c48b96eadcbeeb2a925ef10c7d361883ff9"
ir_digest = "sha256:b14d011c3529d1b1e67377f63483ce3373d266749d71e8d154ad85edf33e6a78"
section_count = 3

[[files]]
path = "semantic/source/libs-service-backup-src-lib-rs.md"
digest = "sha256:621688a60d58f3fdd8792a834ce9985cff411b98f950a6d91055e6da6383484b"
ir_digest = "sha256:7987dfecf7ad0cfdb699c3fef03bf30be3f53f3dd5e8d6186fca6efb858cca8f"
section_count = 3

[[files]]
path = "semantic/source/libs-service-backup-src-llm-rs.md"
digest = "sha256:9c0870f02f7ac7c157679e9affa58789fea4f369e2b12b22f446fc5c465a29e0"
ir_digest = "sha256:460a0ee6508e08ee4f8adcd824bd7b0b0441fad55b5df6c9b6fd38f2f85ddfe3"
section_count = 3

[[files]]
path = "semantic/source/libs-service-backup-src-policy-rs.md"
digest = "sha256:1db7563592f93e7c52d3c718c4d5a7f487faeb1c2071cac0d88ddc6a391cd2cb"
ir_digest = "sha256:8455848cf76f319f6a6f79d31db1031c3d93b01154fc86cb87a00430d246a328"
section_count = 3

[[files]]
path = "semantic/source/libs-service-backup-src-runner-rs.md"
digest = "sha256:df9957c1632032573774ede8d16cb5ae6d5c5aaf4c595a931b4ae7a520e0fcf8"
ir_digest = "sha256:9e944377e86bb7195c52db21b0aa8071562a4ea2a91c9ed3290e56a8df0f6843"
section_count = 3

[[files]]
path = "semantic/source/libs-service-backup-src-s3-rs.md"
digest = "sha256:0b6838b5a71471d7a369bcd0fadb63b7b44112c1fab604884b4ed743b10e7434"
ir_digest = "sha256:0e5d9e2d1e26457e998886a3dc1e5a14f83fd91b4ffb699a4be5a359ae6e74b2"
section_count = 3

[[files]]
path = "semantic/source/libs-service-backup-src-sink-rs.md"
digest = "sha256:e59bed42b2ba734296641afe62fda84b92c88248596881cd192225834d76777e"
ir_digest = "sha256:398dcaa8f5a360470f26f25128efd8d6add2b9f931ac61867322c1a0b7d6b1eb"
section_count = 3

[[files]]
path = "semantic/source/libs-service-backup-src-source-rs.md"
digest = "sha256:3d9f359d9ebd24a8859a23a2bc99d02e56260728e58a9d13fb645c1828e7233b"
ir_digest = "sha256:2b8fbd7e170ec73b8162d65adf756425f7d9d310fc8f28ffc0c070481471b9b5"
section_count = 3
