version = 2
project = "openapi-codegen"
ir_kind = "td"
td_path = "libs/openapi-codegen/tech-design"
generated_at = "2026-07-24T10:22:18.693197+00:00"
digest = "sha256:f4b75d7cafdd084c9d9d9ee523b3213fd3015e8874ce7bec59b35f965919d4e4"
source_digest = "sha256:f4b75d7cafdd084c9d9d9ee523b3213fd3015e8874ce7bec59b35f965919d4e4"
ir_digest = "sha256:79f0e9bcb78dc3a56d8bf99f7751ecf4955013cfbbccf066e3dc3646dc569be5"

[[files]]
path = "config/add-versioned-target-profiles-to-openapi-code-generation.md"
digest = "sha256:64884b95ff32113c080498b2d81532fd46387e09f49b776cac1366dbfa7e8e17"
ir_digest = "sha256:3f4072259f7238ee14ba599da5f15a48660097719c1c615a84ac4e1f83a03ab9"
section_count = 2

[[files]]
path = "semantic/openapi-codegen-libs-openapi-codegen.md"
digest = "sha256:98095f0b1eef310e7c883ae9a0508543b8fb86c16995c4f183c99fcbe6aca70a"
parse_error = "schema:15-276: section 'schema' at lines 15..276: JSON Schema typed-payload parse error: did not find expected key at line 7 column 1, while parsing a block mapping"

[[files]]
path = "semantic/source/libs-openapi-codegen-src-emit-mod-rs.md"
digest = "sha256:2b067a99e5fd11d677e7b2bed3320f3e382440d412903bb8fa70255b98eff8fe"
ir_digest = "sha256:1b4c60a89e409d376ab5ff56dbc6651a07452384403e1081969729700b85a7a3"
section_count = 3

[[files]]
path = "semantic/source/libs-openapi-codegen-src-emit-py-client-emit-rs.md"
digest = "sha256:2b73fc1f9199f1aecd032175046ca405713b5c9ca824610a464799f3fe8ec472"
ir_digest = "sha256:1e04184ccd40c0930e2bae46fee75998640a18246fe439fcfad849079837f0d3"
section_count = 3

[[files]]
path = "semantic/source/libs-openapi-codegen-src-emit-py-mod-rs.md"
digest = "sha256:5559ee8b9859a98442f8199fcfe1d7a840b2d793450251b9dd1a51e3e086bf45"
ir_digest = "sha256:03095d1915771f7afc229051b75fb0f5404794a7f45d2bc5fbd81955a2f94fea"
section_count = 3

[[files]]
path = "semantic/source/libs-openapi-codegen-src-emit-py-models-emit-rs.md"
digest = "sha256:42a2168b1a55ba255d3e03fcb67c7180ab3ac372920fc6aab5d17f1fc0bf4eb0"
ir_digest = "sha256:3f1598e9204c782b8a5a6cdb4f4d07308e0b911f26252bf06f18b7e14f8c774a"
section_count = 3

[[files]]
path = "semantic/source/libs-openapi-codegen-src-emit-py-pymap-rs.md"
digest = "sha256:39b35a4b0af4c3002dd18c06e56ad0538806f60290bcd4cc6eddacce7e011533"
ir_digest = "sha256:3f974c7b9bde4c46f5305ce12a2a1dc7d1d8ecd2b8cf6b8c19d95436ac6e53d5"
section_count = 3

[[files]]
path = "semantic/source/libs-openapi-codegen-src-emit-py-runtime-emit-rs.md"
digest = "sha256:d3abc72edc510067314c14f943fb35189190dd60c848fd4463c2ea19f7de4811"
ir_digest = "sha256:b15a441ec45b1245e94ecb642e0e88e054ad81ff2c0060f754a050aec27e82b3"
section_count = 3

[[files]]
path = "semantic/source/libs-openapi-codegen-src-emit-rust-client-emit-rs.md"
digest = "sha256:952f3277f7e44a8cae6058f5f33657f2a3250c69940584f2507523d0a23db032"
ir_digest = "sha256:ba09a78b83dfc7dd805f10b686f104ef89948ac33f937975fcdf8df96c0e0424"
section_count = 3

[[files]]
path = "semantic/source/libs-openapi-codegen-src-emit-rust-mod-rs.md"
digest = "sha256:ad400d59c76f3ac58f9eb0608cb15e0c0564caf935e249f785114e64b3c5cff4"
ir_digest = "sha256:3b6b400ed2d791df27111dc640e1c0f0c92d67897c88960803ca098498881780"
section_count = 3

[[files]]
path = "semantic/source/libs-openapi-codegen-src-emit-rust-models-emit-rs.md"
digest = "sha256:804f4ee586eae96c47a727901700244224e8e402f57824d7425e0ddbcb437cf7"
ir_digest = "sha256:1ae11943f60c37b1076ec9936b2ebde537b727c5a915d0b5a2f5a03199f5bea9"
section_count = 3

[[files]]
path = "semantic/source/libs-openapi-codegen-src-emit-rust-rsmap-rs.md"
digest = "sha256:cf9fa9356b225ef6bf916bb1dc1fee29fd7be50d04d7ec1637356cbf23066a06"
ir_digest = "sha256:23aa48a372e6226a49be0c1afbd4ea5418ad333e1b5b20b9038f39ceea71ce20"
section_count = 3

[[files]]
path = "semantic/source/libs-openapi-codegen-src-emit-ts-client-emit-rs.md"
digest = "sha256:505451e4122654975411184295c26a312e9c71d9176409fe777462e999fb907f"
ir_digest = "sha256:f8f1fe452bd846337e65131ceedbb5c1cb59b4e3ecc75915e410ac47da628a52"
section_count = 3

[[files]]
path = "semantic/source/libs-openapi-codegen-src-emit-ts-hooks-emit-rs.md"
digest = "sha256:03a58a6c994ecdcf4b9e751c81f7cbbf2adea5af02dd1f1de7086bf161651d9f"
ir_digest = "sha256:c0a3ed5c63eae5f9dfe872fbdcb47c05df6da92dfedaef2f3748b1b0bd8f0fc5"
section_count = 3

[[files]]
path = "semantic/source/libs-openapi-codegen-src-emit-ts-mod-rs.md"
digest = "sha256:fd195a657c565d9ed4a663df0b71e2259521b41a57db27d9ed73b1c8e93040f8"
ir_digest = "sha256:1199cf70188f342694d6472cc0102dc7e62760648c23ea37c1103f86c5076df8"
section_count = 3

[[files]]
path = "semantic/source/libs-openapi-codegen-src-emit-ts-plan-rs.md"
digest = "sha256:a7d1a2fb293a23ec0fbbe321f5cc5ce4754d5f057bfd4ad32a0a0ef038c3cea9"
ir_digest = "sha256:f16746f032d3ee37237bb4a92aa1af750f211ab0bc486d77dda94384a27ccdcf"
section_count = 3

[[files]]
path = "semantic/source/libs-openapi-codegen-src-emit-ts-tsmap-rs.md"
digest = "sha256:e0af45f6078f3ec0427e1f60a6d4eacb3b768ce72d604a59e801ea9bb23dce9e"
ir_digest = "sha256:6e1229e6a93323ae58faee2eaeb70cf91d82df03913509c78b3410643b384ada"
section_count = 3

[[files]]
path = "semantic/source/libs-openapi-codegen-src-emit-ts-types-emit-rs.md"
digest = "sha256:57e52a362e691f2ed20418daedf5ef5b2dc3cbed0366ebeaf788def0ae75197f"
ir_digest = "sha256:03241d79ab71517cba45d564db8b8b22a7edf5ca847ff128d05ae1839b04c7ae"
section_count = 3

[[files]]
path = "semantic/source/libs-openapi-codegen-src-ir-mod-rs.md"
digest = "sha256:ddb726d3eaed8e9f3e1d918897a79648e49bdd49ee6100e12a873eb7cb4e5277"
ir_digest = "sha256:0d0615ff015a10980474f3e178973bd85e287f6f9d79a3b577e7f5956c6c9946"
section_count = 3

[[files]]
path = "semantic/source/libs-openapi-codegen-src-ir-names-rs.md"
digest = "sha256:274534f77e9b194d208ea199c7814ed29bdbbf8fed9c8b994c545abc2a8207a0"
ir_digest = "sha256:cec53000096cd4fc030473807ee875cca32733c7040b9532b1689a36824a96af"
section_count = 3

[[files]]
path = "semantic/source/libs-openapi-codegen-src-ir-openapi-rs.md"
digest = "sha256:c92ed41dc38cc5bd1acf66117c135dc74ea67f9bd56952e657cce449190fef8b"
ir_digest = "sha256:ed1cf87f64d4180404dbd9d6fd21b301e89b5eebd766aa3645b6a9c162d6d699"
section_count = 3

[[files]]
path = "semantic/source/libs-openapi-codegen-src-ir-operations-rs.md"
digest = "sha256:b4116f3fc8b992ad66ff3da8237d40faad54e292430c1de3953a51d6b24197e8"
ir_digest = "sha256:968d522a88d5ff4f2245d5e9cea63b2bb84c20dbc97a5288c66902ac5317db38"
section_count = 3

[[files]]
path = "semantic/source/libs-openapi-codegen-src-ir-typemap-rs.md"
digest = "sha256:1c597e0ddb07fffccd385492696ef31b0b5523e6eb03a10380cef18ef5997c68"
ir_digest = "sha256:7ba598e30b5bc7c4895f62346738a1ed95f61f08d4428b0b6e3e1f775c5b26d2"
section_count = 3

[[files]]
path = "semantic/source/libs-openapi-codegen-src-lib-rs.md"
digest = "sha256:2213920d068fcf98149fa165ca56585b1db2ad3bb1636b1975cbf7585e0ec182"
ir_digest = "sha256:1efc749a4885412e8d239a4a0babcbf7f3c5e1dcacada44d4ec89b2fdd7ce77b"
section_count = 3

[[files]]
path = "semantic/source/libs-openapi-codegen-src-llm-rs.md"
digest = "sha256:be3c7a8b9ab63cca248e5f606c14a07f60ff1ba96984a6083686acad3f7ea227"
ir_digest = "sha256:9315e6766afd5699784042102ba314e96e4e46d0749b4a4b38603cb8b7b9687b"
section_count = 3
