version = 2
project = "service-http"
ir_kind = "td"
td_path = "libs/service-http/tech-design"
generated_at = "2026-07-23T00:34:35.624944+00:00"
digest = "sha256:a6eda79019d8f7e8095785d75ab59567b6c095b5228745c671e68655ca19eede"
source_digest = "sha256:a6eda79019d8f7e8095785d75ab59567b6c095b5228745c671e68655ca19eede"
ir_digest = "sha256:ab7e7c07866ea0aef15d0eeceb468dda6fa7b8b2f59808c0799bcfcd92ae48e8"

[[files]]
path = "interfaces/rest/extract-protocol-neutral-service-observability-integration.md"
digest = "sha256:fc62e6a5bbf9536eaf55f255d7d42ea50da92b7bdc109341df1abac62ba2893f"
ir_digest = "sha256:91244122110ca295e73c972f683766679ad2e93d05b4e6b1b542130856bcfc91"
section_count = 3

[[files]]
path = "logic/add-shared-opaque-key-admission-control.md"
digest = "sha256:1f4cf1730baffaad653e5bb73ea10b45b6a4b9b14dc5f34dbb5982a9d13993c1"
ir_digest = "sha256:5aa5c1582186b07a2dd0e9edecd9daa1fc87d4d57fb6549113ac2c99698a5707"
section_count = 3

[[files]]
path = "logic/emit-w3c-correlated-request-completion-events.md"
digest = "sha256:6440d80701dd6f5eaf75a29ef181643399d75c6db1083b4b9d8d1aa1f162be21"
ir_digest = "sha256:e5c357ee80ca1a378e64348bcf4dad193e1a02f5d715fcee3dc05c874bbdbd1f"
section_count = 3

[[files]]
path = "logic/extract-shared-otlp-tracing-baseline-for-lumen-and-tape.md"
digest = "sha256:c231c1bcc5670a16070fe6580355b4246bdaf25c7b024f7f885cf284ff708813"
ir_digest = "sha256:2625bf18f8ef2697409e08e24575be41167394d7899ebec77677d78f20fa1160"
section_count = 3

[[files]]
path = "logic/make-w3c-request-trace-context-exporter-independent.md"
digest = "sha256:7d1e9083175fde129f336bb9d9e26761428ccc315b2bf502872a5ab3f57bc338"
ir_digest = "sha256:4920177adfc84ebb4a9df9a33a20221477db5ddeb2582bb7399aaf02595cf78f"
section_count = 3

[[files]]
path = "semantic/service-http-libs-service-http.md"
digest = "sha256:bcdbf4b55fce582f5c6561b803f8d356158ea82fb5ca326f89b5dadd6d9aff1c"
parse_error = "schema:15-136: section 'schema' at lines 15..136: JSON Schema typed-payload parse error: did not find expected key at line 7 column 1, while parsing a block mapping"

[[files]]
path = "semantic/source/libs-service-http-src-config-rs.md"
digest = "sha256:61d6fe6f85d169d84c99a649a91bdc5f353006c6cd3a6f854143b92ba64e9a58"
ir_digest = "sha256:69f6744385325b0adfe814d94fea401e9d44d9f9422403cf75d754de80086d88"
section_count = 3

[[files]]
path = "semantic/source/libs-service-http-src-error-rs.md"
digest = "sha256:4fb6c8873288312f3910430d6c7362ec604dce58cf586b2ec0896d0250b8e67a"
ir_digest = "sha256:30bc86aa6c85e6628c1626dcd29bc49af57db8b205f04675699ebec17673668b"
section_count = 3

[[files]]
path = "semantic/source/libs-service-http-src-lib-rs.md"
digest = "sha256:322e88d9a096eac19b27ca4282dc886dc6071aed710be415668ebc5d167482ed"
ir_digest = "sha256:aff71021ea5d9f820cfbde076b155ac1d23be84c5449be49d7a1fb7880a6144d"
section_count = 3

[[files]]
path = "semantic/source/libs-service-http-src-logging-rs.md"
digest = "sha256:ff55251f8f581f8e594cfdbf33a481840e6fb93f5daa2b593fbbc7734e608db7"
ir_digest = "sha256:4e8ee80f9ae63ff2efe8ce49514e8a4a8614ee10475cc8c6ea99a0b8b61bf112"
section_count = 3

[[files]]
path = "semantic/source/libs-service-http-src-metrics-rs.md"
digest = "sha256:d93cdffb7eb11254fa1b1948ad871f818cd6a5fcab43ab5e3433dc25b867f150"
ir_digest = "sha256:0edb77b4d443705464a3698b600a5b3232a91b7edb8360c8d8d0123595fa3bd4"
section_count = 3

[[files]]
path = "semantic/source/libs-service-http-src-probes-rs.md"
digest = "sha256:a1d84d440b874dfab6b7d20861bb1d60875b6ab1867a984ad6e0bc4c844df6c6"
ir_digest = "sha256:7c0a515358cae829ed218a77666c329bfb5c5fad10109b02b82fb1dbf8f24a99"
section_count = 3

[[files]]
path = "semantic/source/libs-service-http-src-readiness-rs.md"
digest = "sha256:d19a6570316eb3c3ede467399079f87bddc9a6b7c7646cde71b566d0153640a9"
ir_digest = "sha256:baf5671de7a194eea382a2fa88687dbb78f24a11b9977d9e81e72c9f78a7358c"
section_count = 3

[[files]]
path = "semantic/source/libs-service-http-src-signal-rs.md"
digest = "sha256:3a8142bb513bf3ce4c6f2c240fa6cb7bae28c4a9a7b5118d82f878b1f47bd871"
ir_digest = "sha256:9495f26c000dd5e2b01e446cae6cb6251aa67a5569e69bbb44902ccb93389d1d"
section_count = 3

[[files]]
path = "semantic/source/libs-service-http-src-transport-rs.md"
digest = "sha256:58d073639b56b38921bcc9f17f897a5e34b5d39b3568f7a8debddb9902e624f7"
ir_digest = "sha256:14a2c1b56c8d989fcb2a45171b1fb7b1fad9adb93abb247badfbf817a9d4a60f"
section_count = 3

[[files]]
path = "semantic/source/libs-service-http-tests-otlp-tracing-rs.md"
digest = "sha256:a6b14d1cf36942eecc44bb5a2257dd287853c582b98607bad2880ba28649389e"
ir_digest = "sha256:c6971eae967b9d75338a2c26948eb3bc56212ac0a0b5367fc18f7073e20999b4"
section_count = 3
