version = 1
project = "storage-durable"
ir_kind = "ec"
ec_path = "libs/storage-durable/external-contracts"
inventory_path = "libs/storage-durable/aw.toml"
generated_at = "2026-07-15T07:39:29.701750+00:00"
ir_digest = "sha256:43966834aea467b48b65dcf7ee5fa66daa09607d92bf9c7c41a229551564fbc2"
source_digest = "sha256:ad64d3e2c7f0ca712cdf585ceb01456c5fecf035a6342824a6dd74c6c1309016"
tool_contracts = []

[[sources]]
path = "libs/storage-durable/external-contracts/behavior/shared-storage-durable-contract.md"
digest = "sha256:4944606f48de8d528b98f986ad5b4ab8763c1f3339af2a1187df1c9106d727a6"

[[cases]]
id = "shared-storage-durable-contract"
capability_id = "shared-storage-durable-contract"
claim_id = "shared-storage-durable-contract"
contract_id = "shared-storage-durable-contract"
dimension = "behavior"
source_ref = "libs/storage-durable/external-contracts/behavior/shared-storage-durable-contract.md#shared-storage-durable-contract"
test_path = "libs/storage-durable/tests/behavior_shared_storage_durable_contract.rs"
command = "cargo test -p storage-durable"
required_for_production = true
assertions = [
    "Shared Service Durability Contract public Rust API behavior remains covered by the configured library test suite.",
    "The library contract stays usable through its documented README capability surface.",
]
evidence_digest = "sha256:e3b0c44298fc1c149afbf4c8996fb92427ae41e4649b934ca495991b7852b855"
evaluator_digest = "sha256:e3b0c44298fc1c149afbf4c8996fb92427ae41e4649b934ca495991b7852b855"
digest = "sha256:d5bf26cffcbacf4ae9c193a5d8994b86893d4bc8a75e8242e8b728d09152d02d"
