version = 1
project = "openapi-codegen"
ir_kind = "ec"
ec_path = "libs/openapi-codegen/external-contracts"
inventory_path = "libs/openapi-codegen/external-contracts/pyproject.toml"
generated_at = "2026-07-24T13:49:37.808600+00:00"
ir_digest = "sha256:d6242df81645fd00e3c99a55e8fc73a85e210a6c11be948b6b6a1649f8d5b49c"
source_digest = "sha256:cbab2054fc2382bd387f8eca253de4f896d14fe7f0dbcb70a82e25add834a40d"
tool_contracts = []

[[sources]]
path = "libs/openapi-codegen/external-contracts/pyproject.toml"
digest = "sha256:fc3c5d8cfe2756c01bca1cde974d93b598824e475448e4d8c818e9d5d7aa282e"

[[sources]]
path = "libs/openapi-codegen/external-contracts/src/active_reference_boundary.py"
digest = "sha256:5401b724a42a3d99d80fa5f0b7744172b8991e525e30a680bc2aab9282371285"

[[sources]]
path = "libs/openapi-codegen/external-contracts/src/consumer_boundary.py"
digest = "sha256:36df65f3733e30042347aac0962136333e37e28d605ffde521b3c6a28ddb05d4"

[[sources]]
path = "libs/openapi-codegen/external-contracts/src/evidence_schema.py"
digest = "sha256:1ad8e4fcb7ec0b6b1c0856e85e46d5be1c9122031aef0cc86d291a0effb6d189"

[[sources]]
path = "libs/openapi-codegen/external-contracts/src/git_version_boundary.py"
digest = "sha256:9557bebfa25c91dec61ed8ed553b13d0a2234ef3522d240a6b9bdd842175fc62"

[[sources]]
path = "libs/openapi-codegen/external-contracts/src/repository_oracle.py"
digest = "sha256:f04d694bee865db8a6d524f440792808569be525c1e63276bb1428d9530af432"

[[sources]]
path = "libs/openapi-codegen/external-contracts/src/runner.py"
digest = "sha256:f6fdef2fccb7e978e2d03a7262582b96c8755cbb98a0e39f80db096d4260a1c9"

[[sources]]
path = "libs/openapi-codegen/external-contracts/src/target_matrix_boundary.py"
digest = "sha256:216ffb27e6c395ebc293b2e1635760bfee3dcf3e164da551f325d6a77e65a762"

[[cases]]
id = "openapi-codegen-active-reference-sweep"
capability_id = "multi-language-openapi-client-generation"
claim_id = "active-reference-sweep"
contract_id = "openapi-codegen-active-reference-sweep"
dimension = "behavior"
source_ref = "libs/openapi-codegen/external-contracts/pyproject.toml#case:openapi-codegen-active-reference-sweep"
test_path = "libs/openapi-codegen/external-contracts/src/active_reference_boundary.py"
command = "python3.11 libs/openapi-codegen/external-contracts/src/runner.py references"
required_for_production = true
assertions = [
    "No active source, manifest, test, configuration, generated semantic mirror, or product documentation retains the superseded package, crate, sidecar, or generator identity; only the explicitly enumerated historical EC evidence files are exempt.",
    "artifact: artifact:distribution/reference-sweep",
    "oracle: Hand-authored Python oracle scans bounded repository roots, applies an exact historical allowlist, rejects every unallowlisted occurrence, and records a non-zero scanned-file count.",
    "target: rust",
]
evidence_digest = "sha256:c7d76c822a5e6b5bc583522fcaeb679347de487afd1534499bd613cf008b5d8e"
evaluator_digest = "sha256:e3b0c44298fc1c149afbf4c8996fb92427ae41e4649b934ca495991b7852b855"
digest = "sha256:3b28636271218f0a0329143e5c24b2b87bec372aea239e38f1df042db939223a"

[[cases]]
id = "openapi-codegen-consumer-compilation"
capability_id = "multi-language-openapi-client-generation"
claim_id = "consumer-compilation"
contract_id = "openapi-codegen-consumer-compilation"
dimension = "behavior"
source_ref = "libs/openapi-codegen/external-contracts/pyproject.toml#case:openapi-codegen-consumer-compilation"
test_path = "libs/openapi-codegen/external-contracts/src/consumer_boundary.py"
command = "python3.11 libs/openapi-codegen/external-contracts/src/runner.py consumers"
required_for_production = true
assertions = [
    "Lumen, Tape, Relay, Keep, Defer, Sift, and the client-transport-policy example each declare openapi-codegen with the local path plus version 0.5 and compile or test against the renamed crate.",
    "artifact: artifact:integration/consumer-compilation",
    "oracle: Hand-authored Python oracle parses each consumer manifest, rejects a missing or aliased dependency declaration, then independently runs each required cargo check or example test.",
    "target: rust",
]
evidence_digest = "sha256:16bcfa768014461032ac540b1a1fc2f11bdc122bc221439aded4ef90b5a041a2"
evaluator_digest = "sha256:e3b0c44298fc1c149afbf4c8996fb92427ae41e4649b934ca495991b7852b855"
digest = "sha256:3a9d59fa55e243f843701cd2e9d1db8fbfe555aa57c1200bfb4aa1d29287a1b1"

[[cases]]
id = "openapi-codegen-published-identity"
capability_id = "multi-language-openapi-client-generation"
claim_id = "published-identity"
contract_id = "openapi-codegen-published-identity"
dimension = "behavior"
source_ref = "libs/openapi-codegen/external-contracts/pyproject.toml#case:openapi-codegen-published-identity"
test_path = "libs/openapi-codegen/external-contracts/src/git_version_boundary.py"
command = "python3.11 libs/openapi-codegen/external-contracts/src/runner.py identity"
required_for_production = true
assertions = [
    "Cargo metadata and the library manifest expose package openapi-codegen, crate openapi_codegen, independent version 0.5.0, publish=false, generator identity openapi-codegen, sidecar .openapi-codegen.json, and release tag openapi-codegen@0.5.0.",
    "artifact: artifact:distribution/package-identity",
    "oracle: Hand-authored Python oracle reads Cargo metadata, Cargo.toml, and the Rust source and validates an exact fail-closed evidence schema.",
    "target: rust",
]
evidence_digest = "sha256:7e19697b106c6be9954e779319d78a8c54ea80a23f1241eee0689e24956b8aaa"
evaluator_digest = "sha256:e3b0c44298fc1c149afbf4c8996fb92427ae41e4649b934ca495991b7852b855"
digest = "sha256:29ab6ea3b5bb1430d5cb567bc4a8a5e2e2ee3aa813beae833ab90967120b609d"

[[cases]]
id = "openapi-codegen-target-matrix"
capability_id = "multi-language-openapi-client-generation"
claim_id = "target-matrix"
contract_id = "openapi-codegen-target-matrix"
dimension = "behavior"
source_ref = "libs/openapi-codegen/external-contracts/pyproject.toml#case:openapi-codegen-target-matrix"
test_path = "libs/openapi-codegen/external-contracts/src/target_matrix_boundary.py"
command = "python3.11 libs/openapi-codegen/external-contracts/src/runner.py matrix"
required_for_production = true
assertions = [
    "The renamed package passes the exact Python 3.11, 3.12, 3.13, and 3.14; TypeScript 5.0; Rust 2021 and 2024; legacy-default; and deterministic-artifact contract matrix, with no missing or silently skipped profile.",
    "artifact: artifact:verification/target-matrix",
    "oracle: Hand-authored Python oracle runs every named matrix test separately and accepts only the exact required result set with non-zero evidence for each profile.",
    "target: rust",
]
evidence_digest = "sha256:692b9e2d1fb754cb52b28e14e477cdd469a95bf09f7ee2532ad6ba174210dda4"
evaluator_digest = "sha256:e3b0c44298fc1c149afbf4c8996fb92427ae41e4649b934ca495991b7852b855"
digest = "sha256:d7cfa5e7f3132ad32c04a7c18327685aae8677f53812900d3cc8e8e463148dc0"
