version = 2
project = "server-http"
ir_kind = "td"
td_path = "libs/server-http/tech-design"
generated_at = "2026-07-15T09:06:14.275395+00:00"
digest = "sha256:14988bf176c754e15f4398927dd91aa2c8331bc367dd2faacb2845bcc2ce6e9c"
source_digest = "sha256:14988bf176c754e15f4398927dd91aa2c8331bc367dd2faacb2845bcc2ce6e9c"
ir_digest = "sha256:c8c13ceb95c39f91ff0a42f27d7d19fac0006b4b907365e2e24d5876c80e9701"

[[files]]
path = "logic/converge-http-runtime-on-shared-lifecycle-ownership.md"
digest = "sha256:9efbc09c19f77fc78919c6c181bec903110eac25a3e806983620c19224e7eae9"
ir_digest = "sha256:7408fe48ab8ad3e82fd90764745e05b9e4d5fd0a7d2e77ae2caafb4c7db3ee0c"
section_count = 3
