version = 1
project = "claim-token"
ir_kind = "ec"
ec_path = "libs/claim-token/external-contracts"
inventory_path = "libs/claim-token/aw.toml"
generated_at = "2026-07-15T07:39:54.922007+00:00"
ir_digest = "sha256:339efd75b7ebad1d5a88b47e97b3cbe1ce0910e90309ee3db6d04f4417aab5f5"
source_digest = "sha256:746156b80e2f3e3b9f4ebf222e21fd697f1260252d6d1b219d113ea2d2cd8991"
tool_contracts = []

[[sources]]
path = "libs/claim-token/external-contracts/behavior/scoped-claim-tokens-contract.md"
digest = "sha256:19f0ed23cb22779cb786929addf816851cb005b093ede41b3ca300d34085b296"

[[cases]]
id = "scoped-claim-tokens-contract"
capability_id = "scoped-claim-tokens"
claim_id = "scoped-claim-tokens-contract"
contract_id = "scoped-claim-tokens-contract"
dimension = "behavior"
source_ref = "libs/claim-token/external-contracts/behavior/scoped-claim-tokens-contract.md#scoped-claim-tokens-contract"
test_path = "libs/claim-token/tests/behavior_scoped_claim_tokens_contract.rs"
command = "cargo test -p claim-token"
required_for_production = true
assertions = [
    "Scoped Claim Tokens public Rust API behavior remains covered by the configured library test suite.",
    "The library contract stays usable through its documented README capability surface.",
]
evidence_digest = "sha256:e3b0c44298fc1c149afbf4c8996fb92427ae41e4649b934ca495991b7852b855"
evaluator_digest = "sha256:e3b0c44298fc1c149afbf4c8996fb92427ae41e4649b934ca495991b7852b855"
digest = "sha256:49d8838a19f3cd1f3068a89d8bfd201d94c8c2687f2ea104b74dedcdca979e46"
