version = 2
project = "transport-h2c"
ir_kind = "td"
td_path = "libs/transport-h2c/tech-design"
generated_at = "2026-07-15T07:37:54.119239+00:00"
digest = "sha256:71997dfb99c60d8eecb21ca9c7d3e7a083370d730d83ca286a31ed177349e010"
source_digest = "sha256:71997dfb99c60d8eecb21ca9c7d3e7a083370d730d83ca286a31ed177349e010"
ir_digest = "sha256:3e9d3cb6d11f31d67e29a3c67164d24c2ab7e8aedf9bff045ba3d3a5d6b2f5cf"

[[files]]
path = "semantic/source/libs-transport-h2c-examples-conn-sweep-rs.md"
digest = "sha256:7431cfa96e278b3e0eea3dc1b94875eb92bda7a1d755c01118ebb7dfe3a205b4"
ir_digest = "sha256:0ab47da947924283b10716c7c83a4891dfb60ac09d238a49078959bf440a1748"
section_count = 3

[[files]]
path = "semantic/source/libs-transport-h2c-src-conn-rs.md"
digest = "sha256:e9a9580671a3ba9842db5726aab4f5cee1f092da54c4c784fe6a19dd65ff97b7"
ir_digest = "sha256:8f8c1aecdb047a679244297670ad8d29174dac0f39a2845fef57f3b457907658"
section_count = 3

[[files]]
path = "semantic/source/libs-transport-h2c-src-error-rs.md"
digest = "sha256:a9eb83a75fe12b5fe21709625b01867e6c8e3c6305ccd5eed46aebe5efc4b3dc"
ir_digest = "sha256:606d08302b14e7595afde7d466f01d30645523fcd6950b150227998b82c1df71"
section_count = 3

[[files]]
path = "semantic/source/libs-transport-h2c-src-lib-rs.md"
digest = "sha256:e70126094d3c3a48215185994c26fbfb53f430b3d194123eb808548477f859ed"
ir_digest = "sha256:f6bf5b6942e81c23b979cf44c9b4345ae6a42159b951bf21323a48571335f37e"
section_count = 3

[[files]]
path = "semantic/source/libs-transport-h2c-src-llm-rs.md"
digest = "sha256:24ed97a855ead55763419326cb17e16bafd6bd070fff768b48b446a47c719259"
ir_digest = "sha256:c60a3b088e8465a6c56623fb96fde1e30aba8ab05c2184821b31cbd3ea83e03a"
section_count = 3

[[files]]
path = "semantic/source/libs-transport-h2c-src-manager-rs.md"
digest = "sha256:80f89dd884060ac542d9aba685c0096f2aebcbd97185579a7d225d7bea079618"
ir_digest = "sha256:5550f9da4a007c4a2411f1a5d4575f3469dd17d784e5c40e96ab277fded58209"
section_count = 3

[[files]]
path = "semantic/source/libs-transport-h2c-src-server-rs.md"
digest = "sha256:4471a4785768ce83cf97559423616b47b0abcbda433ddd46527d04f473d13987"
ir_digest = "sha256:6bdffdbf1726092e77a23d3be4369837c7b4481601123fbcbccf12c8bb727810"
section_count = 3

[[files]]
path = "semantic/source/libs-transport-h2c-tests-manager-rs.md"
digest = "sha256:83437238262deb3b9a0f04d24a6f84d1faf87473f89d092f804d042582b0338b"
ir_digest = "sha256:d5b2523d66ebb95aa186913842051d6ba46eb4dec61cba8b23ee32ea591f1914"
section_count = 3

[[files]]
path = "semantic/transport-h2c-libs-transport-h2c.md"
digest = "sha256:c53dacb470cd3a5b1181ab1afef556d3379e796b0f8a0dd20c832ec2348f1759"
parse_error = "schema:15-126: section 'schema' at lines 15..126: JSON Schema typed-payload parse error: did not find expected key at line 7 column 1, while parsing a block mapping"
